
Microsoft Visual Studio Solution File, Format Version 12.00
# Visual Studio Version 16
VisualStudioVersion = 16.0.30330.147
MinimumVisualStudioVersion = 10.0.40219.1
Project("{9A19103F-16F7-4668-BE54-9A1E7A4F7556}") = "win_calc", "win_calc\win_calc.csproj", "{68F00211-C2E9-4AC7-A889-030D3A46BDBF}"
EndProject
Project("{FAE04EC0-301F-11D3-BF4B-00C04F79EFBC}") = "win_clacLib", "win_clacLib\win_clacLib.csproj", "{99331DD0-C250-44F5-B811-AC1FD193C306}"
EndProject
Project("{FAE04EC0-301F-11D3-BF4B-00C04F79EFBC}") = "win_calc_tests", "win_calc_tests\win_calc_tests.csproj", "{B09222E8-FD15-44E0-9910-46593B196C62}"
EndProject
Global
	GlobalSection(SolutionConfigurationPlatforms) = preSolution
		Debug|Any CPU = Debug|Any CPU
		Release|Any CPU = Release|Any CPU
	EndGlobalSection
	GlobalSection(ProjectConfigurationPlatforms) = postSolution
		{68F00211-C2E9-4AC7-A889-030D3A46BDBF}.Debug|Any CPU.ActiveCfg = Debug|Any CPU
		{68F00211-C2E9-4AC7-A889-030D3A46BDBF}.Debug|Any CPU.Build.0 = Debug|Any CPU
		{68F00211-C2E9-4AC7-A889-030D3A46BDBF}.Release|Any CPU.ActiveCfg = Release|Any CPU
		{68F00211-C2E9-4AC7-A889-030D3A46BDBF}.Release|Any CPU.Build.0 = Release|Any CPU
		{99331DD0-C250-44F5-B811-AC1FD193C306}.Debug|Any CPU.ActiveCfg = Debug|Any CPU
		{99331DD0-C250-44F5-B811-AC1FD193C306}.Debug|Any CPU.Build.0 = Debug|Any CPU
		{99331DD0-C250-44F5-B811-AC1FD193C306}.Release|Any CPU.ActiveCfg = Release|Any CPU
		{99331DD0-C250-44F5-B811-AC1FD193C306}.Release|Any CPU.Build.0 = Release|Any CPU
		{B09222E8-FD15-44E0-9910-46593B196C62}.Debug|Any CPU.ActiveCfg = Debug|Any CPU
		{B09222E8-FD15-44E0-9910-46593B196C62}.Debug|Any CPU.Build.0 = Debug|Any CPU
		{B09222E8-FD15-44E0-9910-46593B196C62}.Release|Any CPU.ActiveCfg = Release|Any CPU
		{B09222E8-FD15-44E0-9910-46593B196C62}.Release|Any CPU.Build.0 = Release|Any CPU
	EndGlobalSection
	GlobalSection(SolutionProperties) = preSolution
		HideSolutionNode = FALSE
	EndGlobalSection
	GlobalSection(ExtensibilityGlobals) = postSolution
		SolutionGuid = {B81F5357-16EA-4459-9F79-52DC8B97EFC9}
	EndGlobalSection
EndGlobal
